
Microsoft Visual Studio Solution File, Format Version 12.00
# Visual Studio Version 17
VisualStudioVersion = 17.5.33530.505
MinimumVisualStudioVersion = 10.0.40219.1
Project("{FAE04EC0-301F-11D3-BF4B-00C04F79EFBC}") = "Lesson4", "Lesson4\Lesson4.csproj", "{8BF9CE19-BC18-408B-8FDF-CFFC881DF391}"
EndProject
Global
	GlobalSection(SolutionConfigurationPlatforms) = preSolution
		Debug|Any CPU = Debug|Any CPU
		Release|Any CPU = Release|Any CPU
	EndGlobalSection
	GlobalSection(ProjectConfigurationPlatforms) = postSolution
		{8BF9CE19-BC18-408B-8FDF-CFFC881DF391}.Debug|Any CPU.ActiveCfg = Debug|Any CPU
		{8BF9CE19-BC18-408B-8FDF-CFFC881DF391}.Debug|Any CPU.Build.0 = Debug|Any CPU
		{8BF9CE19-BC18-408B-8FDF-CFFC881DF391}.Release|Any CPU.ActiveCfg = Release|Any CPU
		{8BF9CE19-BC18-408B-8FDF-CFFC881DF391}.Release|Any CPU.Build.0 = Release|Any CPU
	EndGlobalSection
	GlobalSection(SolutionProperties) = preSolution
		HideSolutionNode = FALSE
	EndGlobalSection
	GlobalSection(ExtensibilityGlobals) = postSolution
		SolutionGuid = {BE0CB97E-3A2D-4048-9275-B4801437EF69}
	EndGlobalSection
EndGlobal
