
Microsoft Visual Studio Solution File, Format Version 12.00
# Visual Studio Version 17
VisualStudioVersion = 17.6.33815.320
MinimumVisualStudioVersion = 10.0.40219.1
Project("{FAE04EC0-301F-11D3-BF4B-00C04F79EFBC}") = "Lesson20", "Lesson20\Lesson20.csproj", "{4082EAA7-2C16-495F-9CAC-CC257C7A2788}"
EndProject
Global
	GlobalSection(SolutionConfigurationPlatforms) = preSolution
		Debug|Any CPU = Debug|Any CPU
		Release|Any CPU = Release|Any CPU
	EndGlobalSection
	GlobalSection(ProjectConfigurationPlatforms) = postSolution
		{4082EAA7-2C16-495F-9CAC-CC257C7A2788}.Debug|Any CPU.ActiveCfg = Debug|Any CPU
		{4082EAA7-2C16-495F-9CAC-CC257C7A2788}.Debug|Any CPU.Build.0 = Debug|Any CPU
		{4082EAA7-2C16-495F-9CAC-CC257C7A2788}.Release|Any CPU.ActiveCfg = Release|Any CPU
		{4082EAA7-2C16-495F-9CAC-CC257C7A2788}.Release|Any CPU.Build.0 = Release|Any CPU
	EndGlobalSection
	GlobalSection(SolutionProperties) = preSolution
		HideSolutionNode = FALSE
	EndGlobalSection
	GlobalSection(ExtensibilityGlobals) = postSolution
		SolutionGuid = {6CF7C4C5-BDE2-40F8-8F95-C23A01C46DC1}
	EndGlobalSection
EndGlobal
