
Microsoft Visual Studio Solution File, Format Version 12.00
# Visual Studio Version 17
VisualStudioVersion = 17.6.33829.357
MinimumVisualStudioVersion = 10.0.40219.1
Project("{FAE04EC0-301F-11D3-BF4B-00C04F79EFBC}") = "Lesson25", "Lesson25\Lesson25.csproj", "{23ACB937-B138-4C0C-A4C0-67710CF88093}"
EndProject
Global
	GlobalSection(SolutionConfigurationPlatforms) = preSolution
		Debug|Any CPU = Debug|Any CPU
		Release|Any CPU = Release|Any CPU
	EndGlobalSection
	GlobalSection(ProjectConfigurationPlatforms) = postSolution
		{23ACB937-B138-4C0C-A4C0-67710CF88093}.Debug|Any CPU.ActiveCfg = Debug|Any CPU
		{23ACB937-B138-4C0C-A4C0-67710CF88093}.Debug|Any CPU.Build.0 = Debug|Any CPU
		{23ACB937-B138-4C0C-A4C0-67710CF88093}.Release|Any CPU.ActiveCfg = Release|Any CPU
		{23ACB937-B138-4C0C-A4C0-67710CF88093}.Release|Any CPU.Build.0 = Release|Any CPU
	EndGlobalSection
	GlobalSection(SolutionProperties) = preSolution
		HideSolutionNode = FALSE
	EndGlobalSection
	GlobalSection(ExtensibilityGlobals) = postSolution
		SolutionGuid = {42416CBE-B0E8-4C91-B76D-6C7EB2930047}
	EndGlobalSection
EndGlobal
