
Microsoft Visual Studio Solution File, Format Version 12.00
# Visual Studio Version 17
VisualStudioVersion = 17.6.33815.320
MinimumVisualStudioVersion = 10.0.40219.1
Project("{FAE04EC0-301F-11D3-BF4B-00C04F79EFBC}") = "Lesson18", "Lesson18\Lesson18.csproj", "{D559693B-05C7-48B1-8840-AE0BAA61F758}"
EndProject
Project("{FAE04EC0-301F-11D3-BF4B-00C04F79EFBC}") = "TestProject1", "TestProject1\TestProject1.csproj", "{4F1DBB4A-9EB6-4D63-8736-083D9CE15191}"
	ProjectSection(ProjectDependencies) = postProject
		{D559693B-05C7-48B1-8840-AE0BAA61F758} = {D559693B-05C7-48B1-8840-AE0BAA61F758}
	EndProjectSection
EndProject
Global
	GlobalSection(SolutionConfigurationPlatforms) = preSolution
		Debug|Any CPU = Debug|Any CPU
		Release|Any CPU = Release|Any CPU
	EndGlobalSection
	GlobalSection(ProjectConfigurationPlatforms) = postSolution
		{D559693B-05C7-48B1-8840-AE0BAA61F758}.Debug|Any CPU.ActiveCfg = Debug|Any CPU
		{D559693B-05C7-48B1-8840-AE0BAA61F758}.Debug|Any CPU.Build.0 = Debug|Any CPU
		{D559693B-05C7-48B1-8840-AE0BAA61F758}.Release|Any CPU.ActiveCfg = Release|Any CPU
		{D559693B-05C7-48B1-8840-AE0BAA61F758}.Release|Any CPU.Build.0 = Release|Any CPU
		{4F1DBB4A-9EB6-4D63-8736-083D9CE15191}.Debug|Any CPU.ActiveCfg = Debug|Any CPU
		{4F1DBB4A-9EB6-4D63-8736-083D9CE15191}.Debug|Any CPU.Build.0 = Debug|Any CPU
		{4F1DBB4A-9EB6-4D63-8736-083D9CE15191}.Release|Any CPU.ActiveCfg = Release|Any CPU
		{4F1DBB4A-9EB6-4D63-8736-083D9CE15191}.Release|Any CPU.Build.0 = Release|Any CPU
	EndGlobalSection
	GlobalSection(SolutionProperties) = preSolution
		HideSolutionNode = FALSE
	EndGlobalSection
	GlobalSection(ExtensibilityGlobals) = postSolution
		SolutionGuid = {1936C3B7-D2E4-42BA-8A4A-95E88EF6F0BE}
	EndGlobalSection
EndGlobal
